
Microsoft Visual Studio Solution File, Format Version 12.00
# Visual Studio Version 17
VisualStudioVersion = 17.11.35327.3
MinimumVisualStudioVersion = 10.0.40219.1
Project("{9A19103F-16F7-4668-BE54-9A1E7A4F7556}") = "BasicOrderSystem.WebAPI", "BasicOrderSystem.WebAPI\BasicOrderSystem.WebAPI.csproj", "{2CC43D4F-72F7-447F-9DD3-B394DB242C90}"
EndProject
Project("{9A19103F-16F7-4668-BE54-9A1E7A4F7556}") = "BasicOrderSystem.Models", "BasicOrderSystem.Models\BasicOrderSystem.Models.csproj", "{2415A298-7FCF-4435-AE14-CB4F100CD19F}"
EndProject
Project("{9A19103F-16F7-4668-BE54-9A1E7A4F7556}") = "BasicOrderSystem.WebContracts", "BasicOrderSystem.WebContracts\BasicOrderSystem.WebContracts.csproj", "{46AE3056-5BEA-4B6C-B354-65DAC2B93E18}"
EndProject
Project("{FAE04EC0-301F-11D3-BF4B-00C04F79EFBC}") = "BasicOrderSystem.WindowsForms", "BasicOrderSystem.WindowsForms\BasicOrderSystem.WindowsForms.csproj", "{EEBF43B8-9E99-4C0F-B918-CC0BF3F58F31}"
EndProject
Project("{FAE04EC0-301F-11D3-BF4B-00C04F79EFBC}") = "BasicOrderSystem.WebClients", "BasicOrderSystem.WebClients\BasicOrderSystem.WebClients.csproj", "{04AB6DD6-B404-442D-B174-AE12910361B3}"
EndProject
Global
	GlobalSection(SolutionConfigurationPlatforms) = preSolution
		Debug|Any CPU = Debug|Any CPU
		Release|Any CPU = Release|Any CPU
	EndGlobalSection
	GlobalSection(ProjectConfigurationPlatforms) = postSolution
		{2CC43D4F-72F7-447F-9DD3-B394DB242C90}.Debug|Any CPU.ActiveCfg = Debug|Any CPU
		{2CC43D4F-72F7-447F-9DD3-B394DB242C90}.Debug|Any CPU.Build.0 = Debug|Any CPU
		{2CC43D4F-72F7-447F-9DD3-B394DB242C90}.Release|Any CPU.ActiveCfg = Release|Any CPU
		{2CC43D4F-72F7-447F-9DD3-B394DB242C90}.Release|Any CPU.Build.0 = Release|Any CPU
		{2415A298-7FCF-4435-AE14-CB4F100CD19F}.Debug|Any CPU.ActiveCfg = Debug|Any CPU
		{2415A298-7FCF-4435-AE14-CB4F100CD19F}.Debug|Any CPU.Build.0 = Debug|Any CPU
		{2415A298-7FCF-4435-AE14-CB4F100CD19F}.Release|Any CPU.ActiveCfg = Release|Any CPU
		{2415A298-7FCF-4435-AE14-CB4F100CD19F}.Release|Any CPU.Build.0 = Release|Any CPU
		{46AE3056-5BEA-4B6C-B354-65DAC2B93E18}.Debug|Any CPU.ActiveCfg = Debug|Any CPU
		{46AE3056-5BEA-4B6C-B354-65DAC2B93E18}.Debug|Any CPU.Build.0 = Debug|Any CPU
		{46AE3056-5BEA-4B6C-B354-65DAC2B93E18}.Release|Any CPU.ActiveCfg = Release|Any CPU
		{46AE3056-5BEA-4B6C-B354-65DAC2B93E18}.Release|Any CPU.Build.0 = Release|Any CPU
		{EEBF43B8-9E99-4C0F-B918-CC0BF3F58F31}.Debug|Any CPU.ActiveCfg = Debug|Any CPU
		{EEBF43B8-9E99-4C0F-B918-CC0BF3F58F31}.Debug|Any CPU.Build.0 = Debug|Any CPU
		{EEBF43B8-9E99-4C0F-B918-CC0BF3F58F31}.Release|Any CPU.ActiveCfg = Release|Any CPU
		{EEBF43B8-9E99-4C0F-B918-CC0BF3F58F31}.Release|Any CPU.Build.0 = Release|Any CPU
		{04AB6DD6-B404-442D-B174-AE12910361B3}.Debug|Any CPU.ActiveCfg = Debug|Any CPU
		{04AB6DD6-B404-442D-B174-AE12910361B3}.Debug|Any CPU.Build.0 = Debug|Any CPU
		{04AB6DD6-B404-442D-B174-AE12910361B3}.Release|Any CPU.ActiveCfg = Release|Any CPU
		{04AB6DD6-B404-442D-B174-AE12910361B3}.Release|Any CPU.Build.0 = Release|Any CPU
	EndGlobalSection
	GlobalSection(SolutionProperties) = preSolution
		HideSolutionNode = FALSE
	EndGlobalSection
	GlobalSection(ExtensibilityGlobals) = postSolution
		SolutionGuid = {808B885E-F9F3-414A-BD09-41486BE648D0}
	EndGlobalSection
EndGlobal
